
Microsoft Visual Studio Solution File, Format Version 12.00
# Visual Studio Version 17
VisualStudioVersion = 17.0.31903.59
MinimumVisualStudioVersion = 10.0.40219.1
Project("{9A19103F-16F7-4668-BE54-9A1E7A4F7556}") = "TangyWeb_Server", "TangyWeb_Server\TangyWeb_Server.csproj", "{2103A348-F724-44F6-AAB6-0E7F67E5B86E}"
EndProject
Project("{9A19103F-16F7-4668-BE54-9A1E7A4F7556}") = "TangyWeb_Client", "TangyWeb_Client\TangyWeb_Client.csproj", "{976D9414-6A42-40BC-8093-4508B63B0830}"
EndProject
Project("{9A19103F-16F7-4668-BE54-9A1E7A4F7556}") = "Tangy_Models", "Tangy_Models\Tangy_Models.csproj", "{9565093B-A588-4629-BDBE-5123262663AF}"
EndProject
Project("{FAE04EC0-301F-11D3-BF4B-00C04F79EFBC}") = "Tangy_Business", "Tangy_Business\Tangy_Business.csproj", "{00E3DABF-5BCD-42BE-843B-DD2A2B3E4CDB}"
EndProject
Project("{FAE04EC0-301F-11D3-BF4B-00C04F79EFBC}") = "Tangy_Common", "Tangy_Common\Tangy_Common.csproj", "{6D96477E-2E7B-474D-B3E5-439C6665A23E}"
EndProject
Project("{FAE04EC0-301F-11D3-BF4B-00C04F79EFBC}") = "Tangy_DataAccess", "Tangy_DataAccess\Tangy_DataAccess.csproj", "{4B5AFB90-EF0D-4CCB-BBF7-A9BE49B77708}"
EndProject
Global
	GlobalSection(SolutionConfigurationPlatforms) = preSolution
		Debug|Any CPU = Debug|Any CPU
		Release|Any CPU = Release|Any CPU
	EndGlobalSection
	GlobalSection(ProjectConfigurationPlatforms) = postSolution
		{2103A348-F724-44F6-AAB6-0E7F67E5B86E}.Debug|Any CPU.ActiveCfg = Debug|Any CPU
		{2103A348-F724-44F6-AAB6-0E7F67E5B86E}.Debug|Any CPU.Build.0 = Debug|Any CPU
		{2103A348-F724-44F6-AAB6-0E7F67E5B86E}.Release|Any CPU.ActiveCfg = Release|Any CPU
		{2103A348-F724-44F6-AAB6-0E7F67E5B86E}.Release|Any CPU.Build.0 = Release|Any CPU
		{976D9414-6A42-40BC-8093-4508B63B0830}.Debug|Any CPU.ActiveCfg = Debug|Any CPU
		{976D9414-6A42-40BC-8093-4508B63B0830}.Debug|Any CPU.Build.0 = Debug|Any CPU
		{976D9414-6A42-40BC-8093-4508B63B0830}.Release|Any CPU.ActiveCfg = Release|Any CPU
		{976D9414-6A42-40BC-8093-4508B63B0830}.Release|Any CPU.Build.0 = Release|Any CPU
		{9565093B-A588-4629-BDBE-5123262663AF}.Debug|Any CPU.ActiveCfg = Debug|Any CPU
		{9565093B-A588-4629-BDBE-5123262663AF}.Debug|Any CPU.Build.0 = Debug|Any CPU
		{9565093B-A588-4629-BDBE-5123262663AF}.Release|Any CPU.ActiveCfg = Release|Any CPU
		{9565093B-A588-4629-BDBE-5123262663AF}.Release|Any CPU.Build.0 = Release|Any CPU
		{00E3DABF-5BCD-42BE-843B-DD2A2B3E4CDB}.Debug|Any CPU.ActiveCfg = Debug|Any CPU
		{00E3DABF-5BCD-42BE-843B-DD2A2B3E4CDB}.Debug|Any CPU.Build.0 = Debug|Any CPU
		{00E3DABF-5BCD-42BE-843B-DD2A2B3E4CDB}.Release|Any CPU.ActiveCfg = Release|Any CPU
		{00E3DABF-5BCD-42BE-843B-DD2A2B3E4CDB}.Release|Any CPU.Build.0 = Release|Any CPU
		{6D96477E-2E7B-474D-B3E5-439C6665A23E}.Debug|Any CPU.ActiveCfg = Debug|Any CPU
		{6D96477E-2E7B-474D-B3E5-439C6665A23E}.Debug|Any CPU.Build.0 = Debug|Any CPU
		{6D96477E-2E7B-474D-B3E5-439C6665A23E}.Release|Any CPU.ActiveCfg = Release|Any CPU
		{6D96477E-2E7B-474D-B3E5-439C6665A23E}.Release|Any CPU.Build.0 = Release|Any CPU
		{4B5AFB90-EF0D-4CCB-BBF7-A9BE49B77708}.Debug|Any CPU.ActiveCfg = Debug|Any CPU
		{4B5AFB90-EF0D-4CCB-BBF7-A9BE49B77708}.Debug|Any CPU.Build.0 = Debug|Any CPU
		{4B5AFB90-EF0D-4CCB-BBF7-A9BE49B77708}.Release|Any CPU.ActiveCfg = Release|Any CPU
		{4B5AFB90-EF0D-4CCB-BBF7-A9BE49B77708}.Release|Any CPU.Build.0 = Release|Any CPU
	EndGlobalSection
	GlobalSection(SolutionProperties) = preSolution
		HideSolutionNode = FALSE
	EndGlobalSection
	GlobalSection(ExtensibilityGlobals) = postSolution
		SolutionGuid = {379FBB2F-3D44-4B6D-8E52-FB7F6B044A47}
	EndGlobalSection
EndGlobal
